lockfileVersion: '9.0'

settings:
  autoInstallPeers: true
  excludeLinksFromLockfile: false

importers:

  .:
    dependencies:
      '@netlify/functions':
        specifier: ^3.0.0
        version: 3.0.0
    devDependencies:
      typescript:
        specifier: 5.6.3
        version: 5.6.3

packages:

  '@netlify/functions@3.0.0':
    resolution: {integrity: sha512-XXf9mNw4+fkxUzukDpJtzc32bl1+YlXZwEhc5ZgMcTbJPLpgRLDs5WWSPJ4eY/Mv1ZFvtxmMwmfgoQYVt68Qog==}
    engines: {node: '>=18.0.0'}

  '@netlify/node-cookies@0.1.0':
    resolution: {integrity: sha512-OAs1xG+FfLX0LoRASpqzVntVV/RpYkgpI0VrUnw2u0Q1qiZUzcPffxRK8HF3gc4GjuhG5ahOEMJ9bswBiZPq0g==}
    engines: {node: ^14.16.0 || >=16.0.0}

  '@netlify/serverless-functions-api@1.30.1':
    resolution: {integrity: sha512-JkbaWFeydQdeDHz1mAy4rw+E3bl9YtbCgkntfTxq+IlNX/aIMv2/b1kZnQZcil4/sPoZGL831Dq6E374qRpU1A==}
    engines: {node: '>=18.0.0'}

  typescript@5.6.3:
    resolution: {integrity: sha512-hjcS1mhfuyi4WW8IWtjP7brDrG2cuDZukyrYrSauoXGNgx0S7zceP07adYkJycEr56BOUTNPzbInooiN3fn1qw==}
    engines: {node: '>=14.17'}
    hasBin: true

  urlpattern-polyfill@8.0.2:
    resolution: {integrity: sha512-Qp95D4TPJl1kC9SKigDcqgyM2VDVO4RiJc2d4qe5GrYm+zbIQCWWKAFaJNQ4BhdFeDGwBmAxqJBwWSJDb9T3BQ==}

snapshots:

  '@netlify/functions@3.0.0':
    dependencies:
      '@netlify/serverless-functions-api': 1.30.1

  '@netlify/node-cookies@0.1.0': {}

  '@netlify/serverless-functions-api@1.30.1':
    dependencies:
      '@netlify/node-cookies': 0.1.0
      urlpattern-polyfill: 8.0.2

  typescript@5.6.3: {}

  urlpattern-polyfill@8.0.2: {}
